lockfileVersion: 5.4

specifiers:
  prettier: ^2.7.1
  prettier-plugin-solidity: 1.0.0-beta.19
  solc: ^0.8.15

dependencies:
  solc: 0.8.15

devDependencies:
  prettier: 2.7.1
  prettier-plugin-solidity: 1.0.0-beta.19_prettier@2.7.1

packages:

  /@solidity-parser/parser/0.14.2:
    resolution: {integrity: sha512-10cr0s+MtRtqjEw0WFJrm2rwULN30xx7btd/v9cmqME2617/2M5MbHDkFIGIGTa7lwNw4bN9mVGfhlLzrYw8pA==}
    dependencies:
      antlr4ts: 0.5.0-alpha.4
    dev: true

  /ansi-regex/5.0.1:
    resolution: {integrity: sha512-quJQXlTSUGL2LH9SUXo8VwsY4soanhgo6LNSm84E1LBcE8s3O0wpdiRzyR9z/ZZJMlMWv37qOOb9pdJlMUEKFQ==}
    engines: {node: '>=8'}
    dev: true

  /antlr4ts/0.5.0-alpha.4:
    resolution: {integrity: sha512-WPQDt1B74OfPv/IMS2ekXAKkTZIHl88uMetg6q3OTqgFxZ/dxDXI0EWLyZid/1Pe6hTftyg5N7gel5wNAGxXyQ==}
    dev: true

  /command-exists/1.2.9:
    resolution: {integrity: sha512-LTQ/SGc+s0Xc0Fu5WaKnR0YiygZkm9eKFvyS+fRsU7/ZWFF8ykFM6Pc9aCVf1+xasOOZpO3BAVgVrKvsqKHV7w==}
    dev: false

  /commander/8.3.0:
    resolution: {integrity: sha512-OkTL9umf+He2DZkUq8f8J9of7yL6RJKI24dVITBmNfZBmri9zYZQrKkuXiKhyfPSu8tUhnVBB1iKXevvnlR4Ww==}
    engines: {node: '>= 12'}
    dev: false

  /emoji-regex/10.1.0:
    resolution: {integrity: sha512-xAEnNCT3w2Tg6MA7ly6QqYJvEoY1tm9iIjJ3yMKK9JPlWuRHAMoe5iETwQnx3M9TVbFMfsrBgWKR+IsmswwNjg==}
    dev: true

  /emoji-regex/8.0.0:
    resolution: {integrity: sha512-MSjYzcWNOA0ewAHpz0MxpYFvwg6yjy1NG3xteoqz644VCo/RPgnr1/GGt+ic3iJTzQ8Eu3TdM14SawnVUmGE6A==}
    dev: true

  /escape-string-regexp/4.0.0:
    resolution: {integrity: sha512-TtpcNJ3XAzx3Gq8sWRzJaVajRs0uVxA2YAkdb1jm2YkPz4G6egUFAyA3n5vtEIZefPk5Wa4UXbKuS5fKkJWdgA==}
    engines: {node: '>=10'}
    dev: true

  /follow-redirects/1.15.1:
    resolution: {integrity: sha512-yLAMQs+k0b2m7cVxpS1VKJVvoz7SS9Td1zss3XRwXj+ZDH00RJgnuLx7E44wx02kQLrdM3aOOy+FpzS7+8OizA==}
    engines: {node: '>=4.0'}
    peerDependencies:
      debug: '*'
    peerDependenciesMeta:
      debug:
        optional: true
    dev: false

  /is-fullwidth-code-point/3.0.0:
    resolution: {integrity: sha512-zymm5+u+sCsSWyD9qNaejV3DFvhCKclKdizYaJUuHA83RLjb7nSuGnddCHGv0hk+KY7BMAlsWeK4Ueg6EV6XQg==}
    engines: {node: '>=8'}
    dev: true

  /js-sha3/0.8.0:
    resolution: {integrity: sha512-gF1cRrHhIzNfToc802P800N8PpXS+evLLXfsVpowqmAFR9uwbi89WvXg2QspOmXL8QL86J4T1EpFu+yUkwJY3Q==}
    dev: false

  /lru-cache/6.0.0:
    resolution: {integrity: sha512-Jo6dJ04CmSjuznwJSS3pUeWmd/H0ffTlkXXgwZi+eq1UCmqQwCh+eLsYOYCwY991i2Fah4h1BEMCx4qThGbsiA==}
    engines: {node: '>=10'}
    dependencies:
      yallist: 4.0.0
    dev: true

  /memorystream/0.3.1:
    resolution: {integrity: sha512-S3UwM3yj5mtUSEfP41UZmt/0SCoVYUcU1rkXv+BQ5Ig8ndL4sPoJNBUJERafdPb5jjHJGuMgytgKvKIf58XNBw==}
    engines: {node: '>= 0.10.0'}
    dev: false

  /os-tmpdir/1.0.2:
    resolution: {integrity: sha512-D2FR03Vir7FIu45XBY20mTb+/ZSWB00sjU9jdQXt83gDrI4Ztz5Fs7/yy74g2N5SVQY4xY1qDr4rNddwYRVX0g==}
    engines: {node: '>=0.10.0'}
    dev: false

  /prettier-plugin-solidity/1.0.0-beta.19_prettier@2.7.1:
    resolution: {integrity: sha512-xxRQ5ZiiZyUoMFLE9h7HnUDXI/daf1tnmL1msEdcKmyh7ZGQ4YklkYLC71bfBpYU2WruTb5/SFLUaEb3RApg5g==}
    engines: {node: '>=12'}
    peerDependencies:
      prettier: ^2.3.0
    dependencies:
      '@solidity-parser/parser': 0.14.2
      emoji-regex: 10.1.0
      escape-string-regexp: 4.0.0
      prettier: 2.7.1
      semver: 7.3.7
      solidity-comments-extractor: 0.0.7
      string-width: 4.2.3
    dev: true

  /prettier/2.7.1:
    resolution: {integrity: sha512-ujppO+MkdPqoVINuDFDRLClm7D78qbDt0/NR+wp5FqEZOoTNAjPHWj17QRhu7geIHJfcNhRk1XVQmF8Bp3ye+g==}
    engines: {node: '>=10.13.0'}
    hasBin: true
    dev: true

  /semver/5.7.1:
    resolution: {integrity: sha512-sauaDf/PZdVgrLTNYHRtpXa1iRiKcaebiKQ1BJdpQlWH2lCvexQdX55snPFyK7QzpudqbCI0qXFfOasHdyNDGQ==}
    hasBin: true
    dev: false

  /semver/7.3.7:
    resolution: {integrity: sha512-QlYTucUYOews+WeEujDoEGziz4K6c47V/Bd+LjSSYcA94p+DmINdf7ncaUinThfvZyu13lN9OY1XDxt8C0Tw0g==}
    engines: {node: '>=10'}
    hasBin: true
    dependencies:
      lru-cache: 6.0.0
    dev: true

  /solc/0.8.15:
    resolution: {integrity: sha512-Riv0GNHNk/SddN/JyEuFKwbcWcEeho15iyupTSHw5Np6WuXA5D8kEHbyzDHi6sqmvLzu2l+8b1YmL8Ytple+8w==}
    engines: {node: '>=10.0.0'}
    hasBin: true
    dependencies:
      command-exists: 1.2.9
      commander: 8.3.0
      follow-redirects: 1.15.1
      js-sha3: 0.8.0
      memorystream: 0.3.1
      semver: 5.7.1
      tmp: 0.0.33
    transitivePeerDependencies:
      - debug
    dev: false

  /solidity-comments-extractor/0.0.7:
    resolution: {integrity: sha512-wciNMLg/Irp8OKGrh3S2tfvZiZ0NEyILfcRCXCD4mp7SgK/i9gzLfhY2hY7VMCQJ3kH9UB9BzNdibIVMchzyYw==}
    dev: true

  /string-width/4.2.3:
    resolution: {integrity: sha512-wKyQRQpjJ0sIp62ErSZdGsjMJWsap5oRNihHhu6G7JVO/9jIB6UyevL+tXuOqrng8j/cxKTWyWUwvSTriiZz/g==}
    engines: {node: '>=8'}
    dependencies:
      emoji-regex: 8.0.0
      is-fullwidth-code-point: 3.0.0
      strip-ansi: 6.0.1
    dev: true

  /strip-ansi/6.0.1:
    resolution: {integrity: sha512-Y38VPSHcqkFrCpFnQ9vuSXmquuv5oXOKpGeT6aGrr3o3Gc9AlVa6JBfUSOCnbxGGZF+/0ooI7KrPuUSztUdU5A==}
    engines: {node: '>=8'}
    dependencies:
      ansi-regex: 5.0.1
    dev: true

  /tmp/0.0.33:
    resolution: {integrity: sha512-jRCJlojKnZ3addtTOjdIqoRuPEKBvNXcGYqzO6zWZX8KfKEpnGY5jfggJQ3EjKuu8D4bJRr0y+cYJFmYbImXGw==}
    engines: {node: '>=0.6.0'}
    dependencies:
      os-tmpdir: 1.0.2
    dev: false

  /yallist/4.0.0:
    resolution: {integrity: sha512-3wdGidZyq5PB084XLES5TpOSRA3wjXAlIWMhum2kRcv/41Sn2emQ0dycQW4uZXLejwKvg6EsvbdlVL+FYEct7A==}
    dev: true
